PODS:
  - AFNetworking (3.1.0):
    - AFNetworking/NSURLSession (= 3.1.0)
    - AFNetworking/Reachability (= 3.1.0)
    - AFNetworking/Security (= 3.1.0)
    - AFNetworking/Serialization (= 3.1.0)
    - AFNetworking/UIKit (= 3.1.0)
  - AFNetworking/NSURLSession (3.1.0):
    - AFNetworking/Reachability
    - AFNetworking/Security
    - AFNetworking/Serialization
  - AFNetworking/Reachability (3.1.0)
  - AFNetworking/Security (3.1.0)
  - AFNetworking/Serialization (3.1.0)
  - AFNetworking/UIKit (3.1.0):
    - AFNetworking/NSURLSession
  - Alamofire (3.4.2)
  - AMap2DMap (4.2.0):
    - AMapFoundation (~> 1.2)
  - AMapFoundation (1.3.2)
  - AMapSearch (4.4.1):
    - AMapFoundation (~> 1.2)
  - CocoaAsyncSocket (7.5.1):
    - CocoaAsyncSocket/GCD (= 7.5.1)
  - CocoaAsyncSocket/GCD (7.5.1)
  - Crashlytics (3.8.3):
    - Fabric (~> 1.6.3)
  - Fabric (1.6.11)
  - FMDB (2.6.2):
    - FMDB/standard (= 2.6.2)
  - FMDB/standard (2.6.2)
  - GTSDK (1.4.3)
  - HappyDNS (0.3.10)
  - Kingfisher (2.5.1)
  - Qiniu (7.1.4):
    - AFNetworking (~> 3)
    - HappyDNS (~> 0.3)
  - SnapKit (0.22.0)
  - SVProgressHUD (2.0.4)
  - UMengAnalytics-NO-IDFA (4.1.9)
  - XCGLogger (3.5.3)

DEPENDENCIES:
  - Alamofire (~> 3.4.2)
  - AMap2DMap (~> 4.2.0)
  - AMapSearch
  - CocoaAsyncSocket (~> 7.5.0)
  - Crashlytics
  - Fabric
  - FMDB (~> 2.6.2)
  - GTSDK (~> 1.4.3)
  - Kingfisher (~> 2.5.0)
  - Qiniu (~> 7.1)
  - SnapKit (~> 0.22.0)
  - SVProgressHUD (~> 2.0.3)
  - UMengAnalytics-NO-IDFA
  - XCGLogger (~> 3.5.1)

SPEC CHECKSUMS:
  AFNetworking: 5e0e199f73d8626b11e79750991f5d173d1f8b67
  Alamofire: 6aa33201d20d069e1598891cf928883ff1888c7a
  AMap2DMap: 82228a353bafa585f58c600bf7ee4687072b2e43
  AMapFoundation: 843dc27b2c02bc0bc2ef3346bb3dd0456cf64dbb
  AMapSearch: 16a50b493ad419e8b6b81bafdeca7570db52f28e
  CocoaAsyncSocket: e0a7e93b2ffa411592ff87e58524fbbc9b95b4fa
  Crashlytics: 2b6dbe138a42395577cfa73dfa1aa7248cadf39e
  Fabric: 5911403591946b8228ab1c51d98f1d7137e863c6
  FMDB: 854a0341b4726e53276f2a8996f06f1b80f9259a
  GTSDK: b5a84db52e4d341af3ec8bad7e1cced010a8ee62
  HappyDNS: 06a9fed2796663fd87626dbf02552933265bf059
  Kingfisher: 9b82e0e1f1a296f149a50bbc2214532eaa4df4f1
  Qiniu: a4c962782035ee25b9da3e195181d8c384bb75be
  SnapKit: 0dd2fd157330f1ea11fd84da13e6be8a7a22bae0
  SVProgressHUD: bfde85ed6c573ea802b9cb37894ed9b629034f1b
  UMengAnalytics-NO-IDFA: 985292af177111685325c90c321094172b95d2cb
  XCGLogger: dbe4a9c7bbaac73717a34e0b94c64fd151c74d6c

PODFILE CHECKSUM: 612585dbd510bfb975ae8fb0f71c872617f62e69

COCOAPODS: 1.2.0.beta.1
